// !$*UTF8*$!
{
	archiveVersion = 1;
	classes = {
	};
	objectVersion = 77;
	objects = {

/* Begin PBXBuildFile section */
		CE87F0F22D84A2E400E1203F /* LotViewController.swift in Sources */ = {isa = PBXBuildFile; fileRef = CE87F0F12D84A2E400E1203F /* LotViewController.swift */; };
		CE87F0F72D8739AD00E1203F /* StepProgressView.swift in Sources */ = {isa = PBXBuildFile; fileRef = CE87F0F62D8739AD00E1203F /* StepProgressView.swift */; };
		CE87F0FD2D8890B600E1203F /* CreateLotPageViewController.swift in Sources */ = {isa = PBXBuildFile; fileRef = CE87F0FC2D8890B600E1203F /* CreateLotPageViewController.swift */; };
		CE87F0FF2D8890F600E1203F /* UploadImagesViewController.swift in Sources */ = {isa = PBXBuildFile; fileRef = CE87F0FE2D8890F600E1203F /* UploadImagesViewController.swift */; };
		CE87F1012D88910800E1203F /* DescriptionViewController.swift in Sources */ = {isa = PBXBuildFile; fileRef = CE87F1002D88910800E1203F /* DescriptionViewController.swift */; };
		CE87F1032D8B5B7300E1203F /* CustomTextFieldContainer.swift in Sources */ = {isa = PBXBuildFile; fileRef = CE87F1022D8B5B7300E1203F /* CustomTextFieldContainer.swift */; };
		CE87F1052D9088C900E1203F /* StepProgressHeaderView.swift in Sources */ = {isa = PBXBuildFile; fileRef = CE87F1042D9088C900E1203F /* StepProgressHeaderView.swift */; };
		CE87F1082D91BA5600E1203F /* UploadedPhotosContainer.swift in Sources */ = {isa = PBXBuildFile; fileRef = CE87F1072D91BA5600E1203F /* UploadedPhotosContainer.swift */; };
		CE87F10A2D91BA7D00E1203F /* UploadPhotoContainer.swift in Sources */ = {isa = PBXBuildFile; fileRef = CE87F1092D91BA7D00E1203F /* UploadPhotoContainer.swift */; };
		CE87F10C2D91E3EB00E1203F /* SuccessViewController.swift in Sources */ = {isa = PBXBuildFile; fileRef = CE87F10B2D91E3EB00E1203F /* SuccessViewController.swift */; };
		CE87F10E2D91E41400E1203F /* SuccessContainerView.swift in Sources */ = {isa = PBXBuildFile; fileRef = CE87F10D2D91E41400E1203F /* SuccessContainerView.swift */; };
		CE8D07812D74E84E00927D78 /* AppDelegate.swift in Sources */ = {isa = PBXBuildFile; fileRef = CE8D07792D74E84E00927D78 /* AppDelegate.swift */; };
		CE8D07822D74E84E00927D78 /* SceneDelegate.swift in Sources */ = {isa = PBXBuildFile; fileRef = CE8D077E2D74E84E00927D78 /* SceneDelegate.swift */; };
		CE8D07842D74E84E00927D78 /* Assets.xcassets in Resources */ = {isa = PBXBuildFile; fileRef = CE8D077A2D74E84E00927D78 /* Assets.xcassets */; };
		CE8D07862D74E84E00927D78 /* LaunchScreen.storyboard in Resources */ = {isa = PBXBuildFile; fileRef = CE8D077D2D74E84E00927D78 /* LaunchScreen.storyboard */; };
		CE8D07902D74EAB200927D78 /* AuthViewController.swift in Sources */ = {isa = PBXBuildFile; fileRef = CE8D078F2D74EAB200927D78 /* AuthViewController.swift */; };
		CE8D07932D74EE1A00927D78 /* UIView.swift in Sources */ = {isa = PBXBuildFile; fileRef = CE8D07922D74EE1A00927D78 /* UIView.swift */; };
		CE8D07962D74F6A200927D78 /* CustomTextField.swift in Sources */ = {isa = PBXBuildFile; fileRef = CE8D07952D74F6A200927D78 /* CustomTextField.swift */; };
		CE8D07982D74F6BF00927D78 /* CustomButton.swift in Sources */ = {isa = PBXBuildFile; fileRef = CE8D07972D74F6BF00927D78 /* CustomButton.swift */; };
		CE8D079B2D762C9600927D78 /* RegViewController.swift in Sources */ = {isa = PBXBuildFile; fileRef = CE8D079A2D762C9600927D78 /* RegViewController.swift */; };
		CE8D079D2D762F9B00927D78 /* AuthViewModel.swift in Sources */ = {isa = PBXBuildFile; fileRef = CE8D079C2D762F9B00927D78 /* AuthViewModel.swift */; };
		CE8D079F2D76305E00927D78 /* APIService.swift in Sources */ = {isa = PBXBuildFile; fileRef = CE8D079E2D76305E00927D78 /* APIService.swift */; };
		CE8D07A12D7773B000927D78 /* MainViewController.swift in Sources */ = {isa = PBXBuildFile; fileRef = CE8D07A02D7773B000927D78 /* MainViewController.swift */; };
		CE8D07AA2D77832900927D78 /* Category.swift in Sources */ = {isa = PBXBuildFile; fileRef = CE8D07A92D77832900927D78 /* Category.swift */; };
		CE8D07AC2D77833500927D78 /* Product.swift in Sources */ = {isa = PBXBuildFile; fileRef = CE8D07AB2D77833500927D78 /* Product.swift */; };
		CEE445412DAEF77E00F33366 /* LotService.swift in Sources */ = {isa = PBXBuildFile; fileRef = CEE445402DAEF77E00F33366 /* LotService.swift */; };
		CEE445442DAFAFD100F33366 /* SellerInfoView.swift in Sources */ = {isa = PBXBuildFile; fileRef = CEE445432DAFAFD100F33366 /* SellerInfoView.swift */; };
		CEE445462DB18CC300F33366 /* Date.swift in Sources */ = {isa = PBXBuildFile; fileRef = CEE445452DB18CC300F33366 /* Date.swift */; };
		CEE445512DB3BE1400F33366 /* DatePickerInputView.swift in Sources */ = {isa = PBXBuildFile; fileRef = CEE445502DB3BE1400F33366 /* DatePickerInputView.swift */; };
		CEE445532DB3BE3000F33366 /* DropdownHandler.swift in Sources */ = {isa = PBXBuildFile; fileRef = CEE445522DB3BE3000F33366 /* DropdownHandler.swift */; };
		CEE445562DB40CA000F33366 /* MyLotsViewController.swift in Sources */ = {isa = PBXBuildFile; fileRef = CEE445552DB40CA000F33366 /* MyLotsViewController.swift */; };
		CEE445582DB40CBB00F33366 /* AdressViewController.swift in Sources */ = {isa = PBXBuildFile; fileRef = CEE445572DB40CBB00F33366 /* AdressViewController.swift */; };
		CEE4455A2DB40CCE00F33366 /* FavoritesViewController.swift in Sources */ = {isa = PBXBuildFile; fileRef = CEE445592DB40CCE00F33366 /* FavoritesViewController.swift */; };
		CEE4455C2DB40CDF00F33366 /* SettingsViewController.swift in Sources */ = {isa = PBXBuildFile; fileRef = CEE4455B2DB40CDF00F33366 /* SettingsViewController.swift */; };
		CEE4455E2DB40CEC00F33366 /* SupportViewController.swift in Sources */ = {isa = PBXBuildFile; fileRef = CEE4455D2DB40CEC00F33366 /* SupportViewController.swift */; };
		CEE445602DB4172000F33366 /* Model.swift in Sources */ = {isa = PBXBuildFile; fileRef = CEE4455F2DB4172000F33366 /* Model.swift */; };
		CEE445642DB4179800F33366 /* LotStorageService.swift in Sources */ = {isa = PBXBuildFile; fileRef = CEE445632DB4179800F33366 /* LotStorageService.swift */; };
		CEE445672DB55B5A00F33366 /* NotificationModel.swift in Sources */ = {isa = PBXBuildFile; fileRef = CEE445662DB55B5A00F33366 /* NotificationModel.swift */; };
		CEE4456A2DB55BCA00F33366 /* NotificationCell.swift in Sources */ = {isa = PBXBuildFile; fileRef = CEE445692DB55BCA00F33366 /* NotificationCell.swift */; };
		CEE4456C2DB5605C00F33366 /* NotificationItem.swift in Sources */ = {isa = PBXBuildFile; fileRef = CEE4456B2DB5605C00F33366 /* NotificationItem.swift */; };
		CEE4456E2DB5750A00F33366 /* GoogleService-Info.plist in Resources */ = {isa = PBXBuildFile; fileRef = CEE4456D2DB5750A00F33366 /* GoogleService-Info.plist */; };
		CEE445732DB7CC8700F33366 /* FirebaseAnalytics in Frameworks */ = {isa = PBXBuildFile; productRef = CEE445722DB7CC8700F33366 /* FirebaseAnalytics */; };
		CEE445752DB7CC8700F33366 /* FirebaseAnalyticsOnDeviceConversion in Frameworks */ = {isa = PBXBuildFile; productRef = CEE445742DB7CC8700F33366 /* FirebaseAnalyticsOnDeviceConversion */; };
		CEE445772DB7CC8700F33366 /* FirebaseAnalyticsWithoutAdIdSupport in Frameworks */ = {isa = PBXBuildFile; productRef = CEE445762DB7CC8700F33366 /* FirebaseAnalyticsWithoutAdIdSupport */; };
		CEE445792DB7CC8700F33366 /* FirebaseAppCheck in Frameworks */ = {isa = PBXBuildFile; productRef = CEE445782DB7CC8700F33366 /* FirebaseAppCheck */; };
		CEE4457B2DB7CC8700F33366 /* FirebaseAppDistribution-Beta in Frameworks */ = {isa = PBXBuildFile; productRef = CEE4457A2DB7CC8700F33366 /* FirebaseAppDistribution-Beta */; };
		CEE78A652D7B8B250007C8D5 /* RulesViewController.swift in Sources */ = {isa = PBXBuildFile; fileRef = CEE78A642D7B8B250007C8D5 /* RulesViewController.swift */; };
		CEE78A682D7C81750007C8D5 /* CategoriesVIew.swift in Sources */ = {isa = PBXBuildFile; fileRef = CEE78A672D7C81750007C8D5 /* CategoriesVIew.swift */; };
		CEE78A6B2D7DB9820007C8D5 /* CustomTabBarController.swift in Sources */ = {isa = PBXBuildFile; fileRef = CEE78A6A2D7DB9810007C8D5 /* CustomTabBarController.swift */; };
		CEE78A6F2D7DBD940007C8D5 /* MyBidsViewController.swift in Sources */ = {isa = PBXBuildFile; fileRef = CEE78A6E2D7DBD930007C8D5 /* MyBidsViewController.swift */; };
		CEE78A722D7DBDB50007C8D5 /* ProfileViewController.swift in Sources */ = {isa = PBXBuildFile; fileRef = CEE78A712D7DBDB50007C8D5 /* ProfileViewController.swift */; };
		CEE78A752D7DBDC60007C8D5 /* EnterLotDetailsViewController.swift in Sources */ = {isa = PBXBuildFile; fileRef = CEE78A742D7DBDC60007C8D5 /* EnterLotDetailsViewController.swift */; };
		CEE78A792D7DBE5D0007C8D5 /* NotificationsViewController.swift in Sources */ = {isa = PBXBuildFile; fileRef = CEE78A782D7DBE5D0007C8D5 /* NotificationsViewController.swift */; };
		CEE78A7D2D7E13550007C8D5 /* CreateLotViewModel.swift in Sources */ = {isa = PBXBuildFile; fileRef = CEE78A7C2D7E13550007C8D5 /* CreateLotViewModel.swift */; };
		CEE78A832D7E17670007C8D5 /* SetPriceViewController.swift in Sources */ = {isa = PBXBuildFile; fileRef = CEE78A822D7E17670007C8D5 /* SetPriceViewController.swift */; };
		CEE78A852D7E2E040007C8D5 /* UIColor.swift in Sources */ = {isa = PBXBuildFile; fileRef = CEE78A842D7E2E040007C8D5 /* UIColor.swift */; };
		CEE78A872D80D1150007C8D5 /* AuctionItemCell.swift in Sources */ = {isa = PBXBuildFile; fileRef = CEE78A862D80D1150007C8D5 /* AuctionItemCell.swift */; };
		CEE78A892D80D4E80007C8D5 /* AuctionItem.swift in Sources */ = {isa = PBXBuildFile; fileRef = CEE78A882D80D4E80007C8D5 /* AuctionItem.swift */; };
		D1A4CD090A4FC309FD184FD9 /* Pods_Bidly.framework in Frameworks */ = {isa = PBXBuildFile; fileRef = 88005E98CE6558274D00A835 /* Pods_Bidly.framework */; };
/* End PBXBuildFile section */

/* Begin PBXFileReference section */
		4FF7FFEBCBC3B96202F859BC /* Pods-Bidly.debug.xcconfig */ = {isa = PBXFileReference; includeInIndex = 1; lastKnownFileType = text.xcconfig; name = "Pods-Bidly.debug.xcconfig"; path = "Target Support Files/Pods-Bidly/Pods-Bidly.debug.xcconfig"; sourceTree = "<group>"; };
		88005E98CE6558274D00A835 /* Pods_Bidly.framework */ = {isa = PBXFileReference; explicitFileType = wrapper.framework; includeInIndex = 0; path = Pods_Bidly.framework; sourceTree = BUILT_PRODUCTS_DIR; };
		CE87F0F12D84A2E400E1203F /* LotViewController.swift */ = {isa = PBXFileReference; lastKnownFileType = sourcecode.swift; path = LotViewController.swift; sourceTree = "<group>"; };
		CE87F0F62D8739AD00E1203F /* StepProgressView.swift */ = {isa = PBXFileReference; lastKnownFileType = sourcecode.swift; path = StepProgressView.swift; sourceTree = "<group>"; };
		CE87F0FC2D8890B600E1203F /* CreateLotPageViewController.swift */ = {isa = PBXFileReference; lastKnownFileType = sourcecode.swift; path = CreateLotPageViewController.swift; sourceTree = "<group>"; };
		CE87F0FE2D8890F600E1203F /* UploadImagesViewController.swift */ = {isa = PBXFileReference; lastKnownFileType = sourcecode.swift; path = UploadImagesViewController.swift; sourceTree = "<group>"; };
		CE87F1002D88910800E1203F /* DescriptionViewController.swift */ = {isa = PBXFileReference; lastKnownFileType = sourcecode.swift; path = DescriptionViewController.swift; sourceTree = "<group>"; };
		CE87F1022D8B5B7300E1203F /* CustomTextFieldContainer.swift */ = {isa = PBXFileReference; lastKnownFileType = sourcecode.swift; path = CustomTextFieldContainer.swift; sourceTree = "<group>"; };
		CE87F1042D9088C900E1203F /* StepProgressHeaderView.swift */ = {isa = PBXFileReference; lastKnownFileType = sourcecode.swift; path = StepProgressHeaderView.swift; sourceTree = "<group>"; };
		CE87F1072D91BA5600E1203F /* UploadedPhotosContainer.swift */ = {isa = PBXFileReference; lastKnownFileType = sourcecode.swift; path = UploadedPhotosContainer.swift; sourceTree = "<group>"; };
		CE87F1092D91BA7D00E1203F /* UploadPhotoContainer.swift */ = {isa = PBXFileReference; lastKnownFileType = sourcecode.swift; path = UploadPhotoContainer.swift; sourceTree = "<group>"; };
		CE87F10B2D91E3EB00E1203F /* SuccessViewController.swift */ = {isa = PBXFileReference; lastKnownFileType = sourcecode.swift; path = SuccessViewController.swift; sourceTree = "<group>"; };
		CE87F10D2D91E41400E1203F /* SuccessContainerView.swift */ = {isa = PBXFileReference; lastKnownFileType = sourcecode.swift; path = SuccessContainerView.swift; sourceTree = "<group>"; };
		CE8D07612D74E81300927D78 /* Bidly.app */ = {isa = PBXFileReference; explicitFileType = wrapper.application; includeInIndex = 0; path = Bidly.app; sourceTree = BUILT_PRODUCTS_DIR; };
		CE8D07792D74E84E00927D78 /* AppDelegate.swift */ = {isa = PBXFileReference; lastKnownFileType = sourcecode.swift; path = AppDelegate.swift; sourceTree = "<group>"; };
		CE8D077A2D74E84E00927D78 /* Assets.xcassets */ = {isa = PBXFileReference; lastKnownFileType = folder.assetcatalog; path = Assets.xcassets; sourceTree = "<group>"; };
		CE8D077B2D74E84E00927D78 /* Info.plist */ = {isa = PBXFileReference; lastKnownFileType = text.plist.xml; path = Info.plist; sourceTree = "<group>"; };
		CE8D077C2D74E84E00927D78 /* Base */ = {isa = PBXFileReference; lastKnownFileType = file.storyboard; name = Base; path = Base.lproj/LaunchScreen.storyboard; sourceTree = "<group>"; };
		CE8D077E2D74E84E00927D78 /* SceneDelegate.swift */ = {isa = PBXFileReference; lastKnownFileType = sourcecode.swift; path = SceneDelegate.swift; sourceTree = "<group>"; };
		CE8D078F2D74EAB200927D78 /* AuthViewController.swift */ = {isa = PBXFileReference; lastKnownFileType = sourcecode.swift; path = AuthViewController.swift; sourceTree = "<group>"; };
		CE8D07922D74EE1A00927D78 /* UIView.swift */ = {isa = PBXFileReference; lastKnownFileType = sourcecode.swift; path = UIView.swift; sourceTree = "<group>"; };
		CE8D07952D74F6A200927D78 /* CustomTextField.swift */ = {isa = PBXFileReference; lastKnownFileType = sourcecode.swift; path = CustomTextField.swift; sourceTree = "<group>"; };
		CE8D07972D74F6BF00927D78 /* CustomButton.swift */ = {isa = PBXFileReference; lastKnownFileType = sourcecode.swift; path = CustomButton.swift; sourceTree = "<group>"; };
		CE8D079A2D762C9600927D78 /* RegViewController.swift */ = {isa = PBXFileReference; lastKnownFileType = sourcecode.swift; path = RegViewController.swift; sourceTree = "<group>"; };
		CE8D079C2D762F9B00927D78 /* AuthViewModel.swift */ = {isa = PBXFileReference; lastKnownFileType = sourcecode.swift; path = AuthViewModel.swift; sourceTree = "<group>"; };
		CE8D079E2D76305E00927D78 /* APIService.swift */ = {isa = PBXFileReference; lastKnownFileType = sourcecode.swift; path = APIService.swift; sourceTree = "<group>"; };
		CE8D07A02D7773B000927D78 /* MainViewController.swift */ = {isa = PBXFileReference; lastKnownFileType = sourcecode.swift; path = MainViewController.swift; sourceTree = "<group>"; };
		CE8D07A92D77832900927D78 /* Category.swift */ = {isa = PBXFileReference; lastKnownFileType = sourcecode.swift; path = Category.swift; sourceTree = "<group>"; };
		CE8D07AB2D77833500927D78 /* Product.swift */ = {isa = PBXFileReference; lastKnownFileType = sourcecode.swift; path = Product.swift; sourceTree = "<group>"; };
		CEE445402DAEF77E00F33366 /* LotService.swift */ = {isa = PBXFileReference; lastKnownFileType = sourcecode.swift; path = LotService.swift; sourceTree = "<group>"; };
		CEE445432DAFAFD100F33366 /* SellerInfoView.swift */ = {isa = PBXFileReference; lastKnownFileType = sourcecode.swift; path = SellerInfoView.swift; sourceTree = "<group>"; };
		CEE445452DB18CC300F33366 /* Date.swift */ = {isa = PBXFileReference; lastKnownFileType = sourcecode.swift; path = Date.swift; sourceTree = "<group>"; };
		CEE445502DB3BE1400F33366 /* DatePickerInputView.swift */ = {isa = PBXFileReference; lastKnownFileType = sourcecode.swift; path = DatePickerInputView.swift; sourceTree = "<group>"; };
		CEE445522DB3BE3000F33366 /* DropdownHandler.swift */ = {isa = PBXFileReference; lastKnownFileType = sourcecode.swift; path = DropdownHandler.swift; sourceTree = "<group>"; };
		CEE445552DB40CA000F33366 /* MyLotsViewController.swift */ = {isa = PBXFileReference; lastKnownFileType = sourcecode.swift; path = MyLotsViewController.swift; sourceTree = "<group>"; };
		CEE445572DB40CBB00F33366 /* AdressViewController.swift */ = {isa = PBXFileReference; lastKnownFileType = sourcecode.swift; path = AdressViewController.swift; sourceTree = "<group>"; };
		CEE445592DB40CCE00F33366 /* FavoritesViewController.swift */ = {isa = PBXFileReference; lastKnownFileType = sourcecode.swift; path = FavoritesViewController.swift; sourceTree = "<group>"; };
		CEE4455B2DB40CDF00F33366 /* SettingsViewController.swift */ = {isa = PBXFileReference; lastKnownFileType = sourcecode.swift; path = SettingsViewController.swift; sourceTree = "<group>"; };
		CEE4455D2DB40CEC00F33366 /* SupportViewController.swift */ = {isa = PBXFileReference; lastKnownFileType = sourcecode.swift; path = SupportViewController.swift; sourceTree = "<group>"; };
		CEE4455F2DB4172000F33366 /* Model.swift */ = {isa = PBXFileReference; lastKnownFileType = sourcecode.swift; path = Model.swift; sourceTree = "<group>"; };
		CEE445632DB4179800F33366 /* LotStorageService.swift */ = {isa = PBXFileReference; lastKnownFileType = sourcecode.swift; path = LotStorageService.swift; sourceTree = "<group>"; };
		CEE445662DB55B5A00F33366 /* NotificationModel.swift */ = {isa = PBXFileReference; lastKnownFileType = sourcecode.swift; path = NotificationModel.swift; sourceTree = "<group>"; };
		CEE445692DB55BCA00F33366 /* NotificationCell.swift */ = {isa = PBXFileReference; lastKnownFileType = sourcecode.swift; path = NotificationCell.swift; sourceTree = "<group>"; };
		CEE4456B2DB5605C00F33366 /* NotificationItem.swift */ = {isa = PBXFileReference; lastKnownFileType = sourcecode.swift; path = NotificationItem.swift; sourceTree = "<group>"; };
		CEE4456D2DB5750A00F33366 /* GoogleService-Info.plist */ = {isa = PBXFileReference; lastKnownFileType = text.plist.xml; path = "GoogleService-Info.plist"; sourceTree = "<group>"; };
		CEE78A642D7B8B250007C8D5 /* RulesViewController.swift */ = {isa = PBXFileReference; lastKnownFileType = sourcecode.swift; path = RulesViewController.swift; sourceTree = "<group>"; };
		CEE78A672D7C81750007C8D5 /* CategoriesVIew.swift */ = {isa = PBXFileReference; lastKnownFileType = sourcecode.swift; path = CategoriesVIew.swift; sourceTree = "<group>"; };
		CEE78A6A2D7DB9810007C8D5 /* CustomTabBarController.swift */ = {isa = PBXFileReference; lastKnownFileType = sourcecode.swift; path = CustomTabBarController.swift; sourceTree = "<group>"; };
		CEE78A6E2D7DBD930007C8D5 /* MyBidsViewController.swift */ = {isa = PBXFileReference; lastKnownFileType = sourcecode.swift; path = MyBidsViewController.swift; sourceTree = "<group>"; };
		CEE78A712D7DBDB50007C8D5 /* ProfileViewController.swift */ = {isa = PBXFileReference; lastKnownFileType = sourcecode.swift; path = ProfileViewController.swift; sourceTree = "<group>"; };
		CEE78A742D7DBDC60007C8D5 /* EnterLotDetailsViewController.swift */ = {isa = PBXFileReference; lastKnownFileType = sourcecode.swift; path = EnterLotDetailsViewController.swift; sourceTree = "<group>"; };
		CEE78A782D7DBE5D0007C8D5 /* NotificationsViewController.swift */ = {isa = PBXFileReference; lastKnownFileType = sourcecode.swift; path = NotificationsViewController.swift; sourceTree = "<group>"; };
		CEE78A7C2D7E13550007C8D5 /* CreateLotViewModel.swift */ = {isa = PBXFileReference; lastKnownFileType = sourcecode.swift; path = CreateLotViewModel.swift; sourceTree = "<group>"; };
		CEE78A822D7E17670007C8D5 /* SetPriceViewController.swift */ = {isa = PBXFileReference; lastKnownFileType = sourcecode.swift; path = SetPriceViewController.swift; sourceTree = "<group>"; };
		CEE78A842D7E2E040007C8D5 /* UIColor.swift */ = {isa = PBXFileReference; lastKnownFileType = sourcecode.swift; path = UIColor.swift; sourceTree = "<group>"; };
		CEE78A862D80D1150007C8D5 /* AuctionItemCell.swift */ = {isa = PBXFileReference; lastKnownFileType = sourcecode.swift; path = AuctionItemCell.swift; sourceTree = "<group>"; };
		CEE78A882D80D4E80007C8D5 /* AuctionItem.swift */ = {isa = PBXFileReference; lastKnownFileType = sourcecode.swift; path = AuctionItem.swift; sourceTree = "<group>"; };
		EE507E181074BA04AAB12704 /* Pods-Bidly.release.xcconfig */ = {isa = PBXFileReference; includeInIndex = 1; lastKnownFileType = text.xcconfig; name = "Pods-Bidly.release.xcconfig"; path = "Target Support Files/Pods-Bidly/Pods-Bidly.release.xcconfig"; sourceTree = "<group>"; };
/* End PBXFileReference section */

/* Begin PBXFrameworksBuildPhase section */
		CE8D075E2D74E81300927D78 /* Frameworks */ = {
			isa = PBXFrameworksBuildPhase;
			buildActionMask = 2147483647;
			files = (
				CEE445732DB7CC8700F33366 /* FirebaseAnalytics in Frameworks */,
				CEE445752DB7CC8700F33366 /* FirebaseAnalyticsOnDeviceConversion in Frameworks */,
				CEE445792DB7CC8700F33366 /* FirebaseAppCheck in Frameworks */,
				CEE445772DB7CC8700F33366 /* FirebaseAnalyticsWithoutAdIdSupport in Frameworks */,
				CEE4457B2DB7CC8700F33366 /* FirebaseAppDistribution-Beta in Frameworks */,
				D1A4CD090A4FC309FD184FD9 /* Pods_Bidly.framework in Frameworks */,
			);
			runOnlyForDeploymentPostprocessing = 0;
		};
/* End PBXFrameworksBuildPhase section */

/* Begin PBXGroup section */
		4042A25AB2E733F691132308 /* Pods */ = {
			isa = PBXGroup;
			children = (
				4FF7FFEBCBC3B96202F859BC /* Pods-Bidly.debug.xcconfig */,
				EE507E181074BA04AAB12704 /* Pods-Bidly.release.xcconfig */,
			);
			path = Pods;
			sourceTree = "<group>";
		};
		775049E39CF9B9613F030CC2 /* Frameworks */ = {
			isa = PBXGroup;
			children = (
				88005E98CE6558274D00A835 /* Pods_Bidly.framework */,
			);
			name = Frameworks;
			sourceTree = "<group>";
		};
		CE87F0F32D84A32300E1203F /* AuctionItem */ = {
			isa = PBXGroup;
			children = (
				CEE445422DAFAFB800F33366 /* CommonViews */,
				CE87F0F12D84A2E400E1203F /* LotViewController.swift */,
			);
			path = AuctionItem;
			sourceTree = "<group>";
		};
		CE87F0FA2D888F4000E1203F /* Screens */ = {
			isa = PBXGroup;
			children = (
				CEE4454D2DB3BC3C00F33366 /* step5 */,
				CEE4454C2DB3BC2A00F33366 /* step4 */,
				CEE4454B2DB3BC1B00F33366 /* step3 */,
				CEE4454A2DB3BC0500F33366 /* step2 */,
				CEE445492DB3ADBA00F33366 /* step1 */,
			);
			path = Screens;
			sourceTree = "<group>";
		};
		CE87F0FB2D88907100E1203F /* CommonViews */ = {
			isa = PBXGroup;
			children = (
				CE87F10F2D91EDD800E1203F /* StepProgressView */,
			);
			path = CommonViews;
			sourceTree = "<group>";
		};
		CE87F1062D91BA1400E1203F /* CommonViews */ = {
			isa = PBXGroup;
			children = (
				CE87F1072D91BA5600E1203F /* UploadedPhotosContainer.swift */,
				CE87F1092D91BA7D00E1203F /* UploadPhotoContainer.swift */,
			);
			path = CommonViews;
			sourceTree = "<group>";
		};
		CE87F10F2D91EDD800E1203F /* StepProgressView */ = {
			isa = PBXGroup;
			children = (
				CE87F0F62D8739AD00E1203F /* StepProgressView.swift */,
				CE87F1042D9088C900E1203F /* StepProgressHeaderView.swift */,
			);
			path = StepProgressView;
			sourceTree = "<group>";
		};
		CE8D07582D74E81300927D78 = {
			isa = PBXGroup;
			children = (
				CE8D07802D74E84E00927D78 /* Bidly */,
				CE8D07622D74E81300927D78 /* Products */,
				4042A25AB2E733F691132308 /* Pods */,
				CEE4456D2DB5750A00F33366 /* GoogleService-Info.plist */,
				775049E39CF9B9613F030CC2 /* Frameworks */,
			);
			sourceTree = "<group>";
		};
		CE8D07622D74E81300927D78 /* Products */ = {
			isa = PBXGroup;
			children = (
				CE8D07612D74E81300927D78 /* Bidly.app */,
			);
			name = Products;
			sourceTree = "<group>";
		};
		CE8D07802D74E84E00927D78 /* Bidly */ = {
			isa = PBXGroup;
			children = (
				CE8D078A2D74E91800927D78 /* Services */,
				CE8D07892D74E91200927D78 /* Common */,
				CE8D07882D74E8E700927D78 /* Modules */,
				CE8D07872D74E8C400927D78 /* App */,
				CE8D077B2D74E84E00927D78 /* Info.plist */,
				CE8D077D2D74E84E00927D78 /* LaunchScreen.storyboard */,
			);
			path = Bidly;
			sourceTree = "<group>";
		};
		CE8D07872D74E8C400927D78 /* App */ = {
			isa = PBXGroup;
			children = (
				CE8D07792D74E84E00927D78 /* AppDelegate.swift */,
				CE8D077E2D74E84E00927D78 /* SceneDelegate.swift */,
				CE8D077A2D74E84E00927D78 /* Assets.xcassets */,
			);
			path = App;
			sourceTree = "<group>";
		};
		CE8D07882D74E8E700927D78 /* Modules */ = {
			isa = PBXGroup;
			children = (
				CE87F0F32D84A32300E1203F /* AuctionItem */,
				CEE78A7A2D7DBE6D0007C8D5 /* AuthReg */,
				CEE78A762D7DBE430007C8D5 /* Notifications */,
				CEE78A6C2D7DBD680007C8D5 /* MyBids */,
				CEE78A692D7DB9430007C8D5 /* TabBar */,
				CE8D078E2D74E96300927D78 /* Profile */,
				CE8D078D2D74E95600927D78 /* AddLot */,
				CE8D078C2D74E94E00927D78 /* Home */,
				CE8D07942D74F68100927D78 /* CustomUI */,
			);
			path = Modules;
			sourceTree = "<group>";
		};
		CE8D07892D74E91200927D78 /* Common */ = {
			isa = PBXGroup;
			children = (
				CE8D07912D74EDE000927D78 /* Extensions */,
			);
			path = Common;
			sourceTree = "<group>";
		};
		CE8D078A2D74E91800927D78 /* Services */ = {
			isa = PBXGroup;
			children = (
				CE8D079E2D76305E00927D78 /* APIService.swift */,
				CEE445402DAEF77E00F33366 /* LotService.swift */,
				CEE445632DB4179800F33366 /* LotStorageService.swift */,
			);
			path = Services;
			sourceTree = "<group>";
		};
		CE8D078B2D74E93100927D78 /* Auth */ = {
			isa = PBXGroup;
			children = (
				CE8D078F2D74EAB200927D78 /* AuthViewController.swift */,
				CE8D079C2D762F9B00927D78 /* AuthViewModel.swift */,
			);
			path = Auth;
			sourceTree = "<group>";
		};
		CE8D078C2D74E94E00927D78 /* Home */ = {
			isa = PBXGroup;
			children = (
				CE8D07A82D77830900927D78 /* Model */,
				CE8D07A72D7782F800927D78 /* ViewModel */,
				CE8D07A62D7782EB00927D78 /* View */,
			);
			path = Home;
			sourceTree = "<group>";
		};
		CE8D078D2D74E95600927D78 /* AddLot */ = {
			isa = PBXGroup;
			children = (
				CEE78A7B2D7E13320007C8D5 /* ViewModel */,
				CEE78A732D7DBDBC0007C8D5 /* View */,
			);
			path = AddLot;
			sourceTree = "<group>";
		};
		CE8D078E2D74E96300927D78 /* Profile */ = {
			isa = PBXGroup;
			children = (
				CEE445622DB4174100F33366 /* Model */,
				CEE78A702D7DBDA60007C8D5 /* View */,
			);
			path = Profile;
			sourceTree = "<group>";
		};
		CE8D07912D74EDE000927D78 /* Extensions */ = {
			isa = PBXGroup;
			children = (
				CE8D07922D74EE1A00927D78 /* UIView.swift */,
				CEE78A842D7E2E040007C8D5 /* UIColor.swift */,
				CEE445452DB18CC300F33366 /* Date.swift */,
			);
			path = Extensions;
			sourceTree = "<group>";
		};
		CE8D07942D74F68100927D78 /* CustomUI */ = {
			isa = PBXGroup;
			children = (
				CE8D07952D74F6A200927D78 /* CustomTextField.swift */,
				CE8D07972D74F6BF00927D78 /* CustomButton.swift */,
				CE87F1022D8B5B7300E1203F /* CustomTextFieldContainer.swift */,
			);
			path = CustomUI;
			sourceTree = "<group>";
		};
		CE8D07992D762C1500927D78 /* Reg */ = {
			isa = PBXGroup;
			children = (
				CE8D079A2D762C9600927D78 /* RegViewController.swift */,
			);
			path = Reg;
			sourceTree = "<group>";
		};
		CE8D07A62D7782EB00927D78 /* View */ = {
			isa = PBXGroup;
			children = (
				CEE78A662D7C80B20007C8D5 /* HelpersView */,
				CE8D07A02D7773B000927D78 /* MainViewController.swift */,
				CEE78A642D7B8B250007C8D5 /* RulesViewController.swift */,
			);
			path = View;
			sourceTree = "<group>";
		};
		CE8D07A72D7782F800927D78 /* ViewModel */ = {
			isa = PBXGroup;
			children = (
			);
			path = ViewModel;
			sourceTree = "<group>";
		};
		CE8D07A82D77830900927D78 /* Model */ = {
			isa = PBXGroup;
			children = (
				CE8D07A92D77832900927D78 /* Category.swift */,
				CE8D07AB2D77833500927D78 /* Product.swift */,
				CEE78A882D80D4E80007C8D5 /* AuctionItem.swift */,
			);
			path = Model;
			sourceTree = "<group>";
		};
		CEE445422DAFAFB800F33366 /* CommonViews */ = {
			isa = PBXGroup;
			children = (
				CEE445432DAFAFD100F33366 /* SellerInfoView.swift */,
			);
			path = CommonViews;
			sourceTree = "<group>";
		};
		CEE445492DB3ADBA00F33366 /* step1 */ = {
			isa = PBXGroup;
			children = (
				CEE4454F2DB3BCB100F33366 /* CommonViews */,
				CEE78A742D7DBDC60007C8D5 /* EnterLotDetailsViewController.swift */,
			);
			path = step1;
			sourceTree = "<group>";
		};
		CEE4454A2DB3BC0500F33366 /* step2 */ = {
			isa = PBXGroup;
			children = (
				CEE78A822D7E17670007C8D5 /* SetPriceViewController.swift */,
			);
			path = step2;
			sourceTree = "<group>";
		};
		CEE4454B2DB3BC1B00F33366 /* step3 */ = {
			isa = PBXGroup;
			children = (
				CE87F0FE2D8890F600E1203F /* UploadImagesViewController.swift */,
				CE87F1062D91BA1400E1203F /* CommonViews */,
			);
			path = step3;
			sourceTree = "<group>";
		};
		CEE4454C2DB3BC2A00F33366 /* step4 */ = {
			isa = PBXGroup;
			children = (
				CE87F1002D88910800E1203F /* DescriptionViewController.swift */,
			);
			path = step4;
			sourceTree = "<group>";
		};
		CEE4454D2DB3BC3C00F33366 /* step5 */ = {
			isa = PBXGroup;
			children = (
				CEE4454E2DB3BC8C00F33366 /* CommonViews */,
				CE87F10B2D91E3EB00E1203F /* SuccessViewController.swift */,
			);
			path = step5;
			sourceTree = "<group>";
		};
		CEE4454E2DB3BC8C00F33366 /* CommonViews */ = {
			isa = PBXGroup;
			children = (
				CE87F10D2D91E41400E1203F /* SuccessContainerView.swift */,
			);
			path = CommonViews;
			sourceTree = "<group>";
		};
		CEE4454F2DB3BCB100F33366 /* CommonViews */ = {
			isa = PBXGroup;
			children = (
				CEE445502DB3BE1400F33366 /* DatePickerInputView.swift */,
				CEE445522DB3BE3000F33366 /* DropdownHandler.swift */,
			);
			path = CommonViews;
			sourceTree = "<group>";
		};
		CEE445542DB40C8000F33366 /* CellView */ = {
			isa = PBXGroup;
			children = (
				CEE445552DB40CA000F33366 /* MyLotsViewController.swift */,
				CEE445572DB40CBB00F33366 /* AdressViewController.swift */,
				CEE445592DB40CCE00F33366 /* FavoritesViewController.swift */,
				CEE4455B2DB40CDF00F33366 /* SettingsViewController.swift */,
				CEE4455D2DB40CEC00F33366 /* SupportViewController.swift */,
			);
			path = CellView;
			sourceTree = "<group>";
		};
		CEE445622DB4174100F33366 /* Model */ = {
			isa = PBXGroup;
			children = (
				CEE4455F2DB4172000F33366 /* Model.swift */,
			);
			path = Model;
			sourceTree = "<group>";
		};
		CEE445652DB55B4900F33366 /* Model */ = {
			isa = PBXGroup;
			children = (
				CEE445662DB55B5A00F33366 /* NotificationModel.swift */,
			);
			path = Model;
			sourceTree = "<group>";
		};
		CEE445682DB55BB000F33366 /* CommonViews */ = {
			isa = PBXGroup;
			children = (
				CEE445692DB55BCA00F33366 /* NotificationCell.swift */,
				CEE4456B2DB5605C00F33366 /* NotificationItem.swift */,
			);
			path = CommonViews;
			sourceTree = "<group>";
		};
		CEE78A662D7C80B20007C8D5 /* HelpersView */ = {
			isa = PBXGroup;
			children = (
				CEE78A672D7C81750007C8D5 /* CategoriesVIew.swift */,
				CEE78A862D80D1150007C8D5 /* AuctionItemCell.swift */,
			);
			path = HelpersView;
			sourceTree = "<group>";
		};
		CEE78A692D7DB9430007C8D5 /* TabBar */ = {
			isa = PBXGroup;
			children = (
				CEE78A6A2D7DB9810007C8D5 /* CustomTabBarController.swift */,
			);
			path = TabBar;
			sourceTree = "<group>";
		};
		CEE78A6C2D7DBD680007C8D5 /* MyBids */ = {
			isa = PBXGroup;
			children = (
				CEE78A6D2D7DBD7E0007C8D5 /* View */,
			);
			path = MyBids;
			sourceTree = "<group>";
		};
		CEE78A6D2D7DBD7E0007C8D5 /* View */ = {
			isa = PBXGroup;
			children = (
				CEE78A6E2D7DBD930007C8D5 /* MyBidsViewController.swift */,
			);
			path = View;
			sourceTree = "<group>";
		};
		CEE78A702D7DBDA60007C8D5 /* View */ = {
			isa = PBXGroup;
			children = (
				CEE445542DB40C8000F33366 /* CellView */,
				CEE78A712D7DBDB50007C8D5 /* ProfileViewController.swift */,
			);
			path = View;
			sourceTree = "<group>";
		};
		CEE78A732D7DBDBC0007C8D5 /* View */ = {
			isa = PBXGroup;
			children = (
				CE87F0FB2D88907100E1203F /* CommonViews */,
				CE87F0FA2D888F4000E1203F /* Screens */,
				CE87F0FC2D8890B600E1203F /* CreateLotPageViewController.swift */,
			);
			path = View;
			sourceTree = "<group>";
		};
		CEE78A762D7DBE430007C8D5 /* Notifications */ = {
			isa = PBXGroup;
			children = (
				CEE445652DB55B4900F33366 /* Model */,
				CEE78A772D7DBE520007C8D5 /* View */,
			);
			path = Notifications;
			sourceTree = "<group>";
		};
		CEE78A772D7DBE520007C8D5 /* View */ = {
			isa = PBXGroup;
			children = (
				CEE445682DB55BB000F33366 /* CommonViews */,
				CEE78A782D7DBE5D0007C8D5 /* NotificationsViewController.swift */,
			);
			path = View;
			sourceTree = "<group>";
		};
		CEE78A7A2D7DBE6D0007C8D5 /* AuthReg */ = {
			isa = PBXGroup;
			children = (
				CE8D07992D762C1500927D78 /* Reg */,
				CE8D078B2D74E93100927D78 /* Auth */,
			);
			path = AuthReg;
			sourceTree = "<group>";
		};
		CEE78A7B2D7E13320007C8D5 /* ViewModel */ = {
			isa = PBXGroup;
			children = (
				CEE78A7C2D7E13550007C8D5 /* CreateLotViewModel.swift */,
			);
			path = ViewModel;
			sourceTree = "<group>";
		};
/* End PBXGroup section */

/* Begin PBXNativeTarget section */
		CE8D07602D74E81300927D78 /* Bidly */ = {
			isa = PBXNativeTarget;
			buildConfigurationList = CE8D07742D74E81600927D78 /* Build configuration list for PBXNativeTarget "Bidly" */;
			buildPhases = (
				8176278D581C6FF63CE06D88 /* [CP] Check Pods Manifest.lock */,
				CE8D075D2D74E81300927D78 /* Sources */,
				CE8D075E2D74E81300927D78 /* Frameworks */,
				CE8D075F2D74E81300927D78 /* Resources */,
			);
			buildRules = (
			);
			dependencies = (
			);
			name = Bidly;
			productName = Bidly;
			productReference = CE8D07612D74E81300927D78 /* Bidly.app */;
			productType = "com.apple.product-type.application";
		};
/* End PBXNativeTarget section */

/* Begin PBXProject section */
		CE8D07592D74E81300927D78 /* Project object */ = {
			isa = PBXProject;
			attributes = {
				BuildIndependentTargetsInParallel = 1;
				LastSwiftUpdateCheck = 1620;
				LastUpgradeCheck = 1620;
				TargetAttributes = {
					CE8D07602D74E81300927D78 = {
						CreatedOnToolsVersion = 16.2;
					};
				};
			};
			buildConfigurationList = CE8D075C2D74E81300927D78 /* Build configuration list for PBXProject "Bidly" */;
			developmentRegion = en;
			hasScannedForEncodings = 0;
			knownRegions = (
				en,
				Base,
			);
			mainGroup = CE8D07582D74E81300927D78;
			minimizedProjectReferenceProxies = 1;
			packageReferences = (
				CEE445712DB7CC8700F33366 /* XCRemoteSwiftPackageReference "firebase-ios-sdk" */,
			);
			preferredProjectObjectVersion = 77;
			productRefGroup = CE8D07622D74E81300927D78 /* Products */;
			projectDirPath = "";
			projectRoot = "";
			targets = (
				CE8D07602D74E81300927D78 /* Bidly */,
			);
		};
/* End PBXProject section */

/* Begin PBXResourcesBuildPhase section */
		CE8D075F2D74E81300927D78 /* Resources */ = {
			isa = PBXResourcesBuildPhase;
			buildActionMask = 2147483647;
			files = (
				CE8D07842D74E84E00927D78 /* Assets.xcassets in Resources */,
				CE8D07862D74E84E00927D78 /* LaunchScreen.storyboard in Resources */,
				CEE4456E2DB5750A00F33366 /* GoogleService-Info.plist in Resources */,
			);
			runOnlyForDeploymentPostprocessing = 0;
		};
/* End PBXResourcesBuildPhase section */

/* Begin PBXShellScriptBuildPhase section */
		8176278D581C6FF63CE06D88 /* [CP] Check Pods Manifest.lock */ = {
			isa = PBXShellScriptBuildPhase;
			buildActionMask = 2147483647;
			files = (
			);
			inputFileListPaths = (
			);
			inputPaths = (
				"${PODS_PODFILE_DIR_PATH}/Podfile.lock",
				"${PODS_ROOT}/Manifest.lock",
			);
			name = "[CP] Check Pods Manifest.lock";
			outputFileListPaths = (
			);
			outputPaths = (
				"$(DERIVED_FILE_DIR)/Pods-Bidly-checkManifestLockResult.txt",
			);
			runOnlyForDeploymentPostprocessing = 0;
			shellPath = /bin/sh;
			shellScript = "diff \"${PODS_PODFILE_DIR_PATH}/Podfile.lock\" \"${PODS_ROOT}/Manifest.lock\" > /dev/null\nif [ $? != 0 ] ; then\n    # print error to STDERR\n    echo \"error: The sandbox is not in sync with the Podfile.lock. Run 'pod install' or update your CocoaPods installation.\" >&2\n    exit 1\nfi\n# This output is used by Xcode 'outputs' to avoid re-running this script phase.\necho \"SUCCESS\" > \"${SCRIPT_OUTPUT_FILE_0}\"\n";
			showEnvVarsInLog = 0;
		};
/* End PBXShellScriptBuildPhase section */

/* Begin PBXSourcesBuildPhase section */
		CE8D075D2D74E81300927D78 /* Sources */ = {
			isa = PBXSourcesBuildPhase;
			buildActionMask = 2147483647;
			files = (
				CE87F1012D88910800E1203F /* DescriptionViewController.swift in Sources */,
				CEE78A872D80D1150007C8D5 /* AuctionItemCell.swift in Sources */,
				CE87F0FD2D8890B600E1203F /* CreateLotPageViewController.swift in Sources */,
				CE87F0F22D84A2E400E1203F /* LotViewController.swift in Sources */,
				CEE78A792D7DBE5D0007C8D5 /* NotificationsViewController.swift in Sources */,
				CE8D07932D74EE1A00927D78 /* UIView.swift in Sources */,
				CEE4456A2DB55BCA00F33366 /* NotificationCell.swift in Sources */,
				CEE4455A2DB40CCE00F33366 /* FavoritesViewController.swift in Sources */,
				CE87F10E2D91E41400E1203F /* SuccessContainerView.swift in Sources */,
				CE87F10A2D91BA7D00E1203F /* UploadPhotoContainer.swift in Sources */,
				CE87F1082D91BA5600E1203F /* UploadedPhotosContainer.swift in Sources */,
				CE87F1052D9088C900E1203F /* StepProgressHeaderView.swift in Sources */,
				CEE78A7D2D7E13550007C8D5 /* CreateLotViewModel.swift in Sources */,
				CE87F0F72D8739AD00E1203F /* StepProgressView.swift in Sources */,
				CE8D07A12D7773B000927D78 /* MainViewController.swift in Sources */,
				CEE78A6B2D7DB9820007C8D5 /* CustomTabBarController.swift in Sources */,
				CEE78A892D80D4E80007C8D5 /* AuctionItem.swift in Sources */,
				CEE445512DB3BE1400F33366 /* DatePickerInputView.swift in Sources */,
				CE8D07902D74EAB200927D78 /* AuthViewController.swift in Sources */,
				CEE78A832D7E17670007C8D5 /* SetPriceViewController.swift in Sources */,
				CEE78A852D7E2E040007C8D5 /* UIColor.swift in Sources */,
				CE8D079F2D76305E00927D78 /* APIService.swift in Sources */,
				CE87F0FF2D8890F600E1203F /* UploadImagesViewController.swift in Sources */,
				CEE445642DB4179800F33366 /* LotStorageService.swift in Sources */,
				CE8D07962D74F6A200927D78 /* CustomTextField.swift in Sources */,
				CEE4455E2DB40CEC00F33366 /* SupportViewController.swift in Sources */,
				CEE78A752D7DBDC60007C8D5 /* EnterLotDetailsViewController.swift in Sources */,
				CEE4456C2DB5605C00F33366 /* NotificationItem.swift in Sources */,
				CE8D07812D74E84E00927D78 /* AppDelegate.swift in Sources */,
				CEE445412DAEF77E00F33366 /* LotService.swift in Sources */,
				CEE78A722D7DBDB50007C8D5 /* ProfileViewController.swift in Sources */,
				CEE445582DB40CBB00F33366 /* AdressViewController.swift in Sources */,
				CE8D07982D74F6BF00927D78 /* CustomButton.swift in Sources */,
				CEE78A652D7B8B250007C8D5 /* RulesViewController.swift in Sources */,
				CE8D07822D74E84E00927D78 /* SceneDelegate.swift in Sources */,
				CE87F10C2D91E3EB00E1203F /* SuccessViewController.swift in Sources */,
				CEE445442DAFAFD100F33366 /* SellerInfoView.swift in Sources */,
				CE8D079B2D762C9600927D78 /* RegViewController.swift in Sources */,
				CE87F1032D8B5B7300E1203F /* CustomTextFieldContainer.swift in Sources */,
				CEE4455C2DB40CDF00F33366 /* SettingsViewController.swift in Sources */,
				CEE445602DB4172000F33366 /* Model.swift in Sources */,
				CE8D07AA2D77832900927D78 /* Category.swift in Sources */,
				CEE78A6F2D7DBD940007C8D5 /* MyBidsViewController.swift in Sources */,
				CE8D079D2D762F9B00927D78 /* AuthViewModel.swift in Sources */,
				CEE445672DB55B5A00F33366 /* NotificationModel.swift in Sources */,
				CEE445462DB18CC300F33366 /* Date.swift in Sources */,
				CEE78A682D7C81750007C8D5 /* CategoriesVIew.swift in Sources */,
				CE8D07AC2D77833500927D78 /* Product.swift in Sources */,
				CEE445532DB3BE3000F33366 /* DropdownHandler.swift in Sources */,
				CEE445562DB40CA000F33366 /* MyLotsViewController.swift in Sources */,
			);
			runOnlyForDeploymentPostprocessing = 0;
		};
/* End PBXSourcesBuildPhase section */

/* Begin PBXVariantGroup section */
		CE8D077D2D74E84E00927D78 /* LaunchScreen.storyboard */ = {
			isa = PBXVariantGroup;
			children = (
				CE8D077C2D74E84E00927D78 /* Base */,
			);
			name = LaunchScreen.storyboard;
			sourceTree = "<group>";
		};
/* End PBXVariantGroup section */

/* Begin XCBuildConfiguration section */
		CE8D07752D74E81600927D78 /* Debug */ = {
			isa = XCBuildConfiguration;
			baseConfigurationReference = 4FF7FFEBCBC3B96202F859BC /* Pods-Bidly.debug.xcconfig */;
			buildSettings = {
				ASSETCATALOG_COMPILER_APPICON_NAME = AppIcon;
				ASSETCATALOG_COMPILER_GLOBAL_ACCENT_COLOR_NAME = AccentColor;
				CODE_SIGN_IDENTITY = "Apple Development";
				CODE_SIGN_STYLE = Automatic;
				CURRENT_PROJECT_VERSION = 1;
				DEVELOPMENT_TEAM = WQRR65523H;
				GENERATE_INFOPLIST_FILE = YES;
				INFOPLIST_FILE = Bidly/Info.plist;
				INFOPLIST_KEY_UIApplicationSupportsIndirectInputEvents = YES;
				INFOPLIST_KEY_UILaunchStoryboardName = LaunchScreen;
				INFOPLIST_KEY_UISupportedInterfaceOrientations_iPad = "UIInterfaceOrientationPortrait UIInterfaceOrientationPortraitUpsideDown UIInterfaceOrientationLandscapeLeft UIInterfaceOrientationLandscapeRight";
				INFOPLIST_KEY_UISupportedInterfaceOrientations_iPhone = "UIInterfaceOrientationPortrait UIInterfaceOrientationLandscapeLeft UIInterfaceOrientationLandscapeRight";
				IPHONEOS_DEPLOYMENT_TARGET = 18.1;
				LD_RUNPATH_SEARCH_PATHS = (
					"$(inherited)",
					"@executable_path/Frameworks",
				);
				MARKETING_VERSION = 1.0;
				PRODUCT_BUNDLE_IDENTIFIER = nope.Bidly1;
				PRODUCT_NAME = "$(TARGET_NAME)";
				PROVISIONING_PROFILE_SPECIFIER = "";
				SWIFT_EMIT_LOC_STRINGS = YES;
				SWIFT_VERSION = 5.0;
				TARGETED_DEVICE_FAMILY = "1,2";
			};
			name = Debug;
		};
		CE8D07762D74E81600927D78 /* Release */ = {
			isa = XCBuildConfiguration;
			baseConfigurationReference = EE507E181074BA04AAB12704 /* Pods-Bidly.release.xcconfig */;
			buildSettings = {
				ASSETCATALOG_COMPILER_APPICON_NAME = AppIcon;
				ASSETCATALOG_COMPILER_GLOBAL_ACCENT_COLOR_NAME = AccentColor;
				CODE_SIGN_IDENTITY = "Apple Development";
				CODE_SIGN_STYLE = Automatic;
				CURRENT_PROJECT_VERSION = 1;
				DEVELOPMENT_TEAM = WQRR65523H;
				GENERATE_INFOPLIST_FILE = YES;
				INFOPLIST_FILE = Bidly/Info.plist;
				INFOPLIST_KEY_UIApplicationSupportsIndirectInputEvents = YES;
				INFOPLIST_KEY_UILaunchStoryboardName = LaunchScreen;
				INFOPLIST_KEY_UISupportedInterfaceOrientations_iPad = "UIInterfaceOrientationPortrait UIInterfaceOrientationPortraitUpsideDown UIInterfaceOrientationLandscapeLeft UIInterfaceOrientationLandscapeRight";
				INFOPLIST_KEY_UISupportedInterfaceOrientations_iPhone = "UIInterfaceOrientationPortrait UIInterfaceOrientationLandscapeLeft UIInterfaceOrientationLandscapeRight";
				IPHONEOS_DEPLOYMENT_TARGET = 18.1;
				LD_RUNPATH_SEARCH_PATHS = (
					"$(inherited)",
					"@executable_path/Frameworks",
				);
				MARKETING_VERSION = 1.0;
				PRODUCT_BUNDLE_IDENTIFIER = nope.Bidly1;
				PRODUCT_NAME = "$(TARGET_NAME)";
				PROVISIONING_PROFILE_SPECIFIER = "";
				SWIFT_EMIT_LOC_STRINGS = YES;
				SWIFT_VERSION = 5.0;
				TARGETED_DEVICE_FAMILY = "1,2";
			};
			name = Release;
		};
		CE8D07772D74E81600927D78 /* Debug */ = {
			isa = XCBuildConfiguration;
			buildSettings = {
				ALWAYS_SEARCH_USER_PATHS = NO;
				ASSETCATALOG_COMPILER_GENERATE_SWIFT_ASSET_SYMBOL_EXTENSIONS = YES;
				CLANG_ANALYZER_NONNULL = YES;
				CLANG_ANALYZER_NUMBER_OBJECT_CONVERSION = YES_AGGRESSIVE;
				CLANG_CXX_LANGUAGE_STANDARD = "gnu++20";
				CLANG_ENABLE_MODULES = YES;
				CLANG_ENABLE_OBJC_ARC = YES;
				CLANG_ENABLE_OBJC_WEAK = YES;
				CLANG_WARN_BLOCK_CAPTURE_AUTORELEASING = YES;
				CLANG_WARN_BOOL_CONVERSION = YES;
				CLANG_WARN_COMMA = YES;
				CLANG_WARN_CONSTANT_CONVERSION = YES;
				CLANG_WARN_DEPRECATED_OBJC_IMPLEMENTATIONS = YES;
				CLANG_WARN_DIRECT_OBJC_ISA_USAGE = YES_ERROR;
				CLANG_WARN_DOCUMENTATION_COMMENTS = YES;
				CLANG_WARN_EMPTY_BODY = YES;
				CLANG_WARN_ENUM_CONVERSION = YES;
				CLANG_WARN_INFINITE_RECURSION = YES;
				CLANG_WARN_INT_CONVERSION = YES;
				CLANG_WARN_NON_LITERAL_NULL_CONVERSION = YES;
				CLANG_WARN_OBJC_IMPLICIT_RETAIN_SELF = YES;
				CLANG_WARN_OBJC_LITERAL_CONVERSION = YES;
				CLANG_WARN_OBJC_ROOT_CLASS = YES_ERROR;
				CLANG_WARN_QUOTED_INCLUDE_IN_FRAMEWORK_HEADER = YES;
				CLANG_WARN_RANGE_LOOP_ANALYSIS = YES;
				CLANG_WARN_STRICT_PROTOTYPES = YES;
				CLANG_WARN_SUSPICIOUS_MOVE = YES;
				CLANG_WARN_UNGUARDED_AVAILABILITY = YES_AGGRESSIVE;
				CLANG_WARN_UNREACHABLE_CODE = YES;
				CLANG_WARN__DUPLICATE_METHOD_MATCH = YES;
				COPY_PHASE_STRIP = NO;
				DEBUG_INFORMATION_FORMAT = dwarf;
				ENABLE_STRICT_OBJC_MSGSEND = YES;
				ENABLE_TESTABILITY = YES;
				ENABLE_USER_SCRIPT_SANDBOXING = YES;
				"FRAMEWORK_SEARCH_PATHS[arch=*]" = (
					"$(inherited)\n$(PROJECT_DIR)/../Path/To/SwiftPM/Dependencies",
				);
				GCC_C_LANGUAGE_STANDARD = gnu17;
				GCC_DYNAMIC_NO_PIC = NO;
				GCC_NO_COMMON_BLOCKS = YES;
				GCC_OPTIMIZATION_LEVEL = 0;
				GCC_PREPROCESSOR_DEFINITIONS = (
					"DEBUG=1",
					"$(inherited)",
				);
				GCC_WARN_64_TO_32_BIT_CONVERSION = YES;
				GCC_WARN_ABOUT_RETURN_TYPE = YES_ERROR;
				GCC_WARN_UNDECLARED_SELECTOR = YES;
				GCC_WARN_UNINITIALIZED_AUTOS = YES_AGGRESSIVE;
				GCC_WARN_UNUSED_FUNCTION = YES;
				GCC_WARN_UNUSED_VARIABLE = YES;
				IPHONEOS_DEPLOYMENT_TARGET = 18.1;
				LOCALIZATION_PREFERS_STRING_CATALOGS = YES;
				MTL_ENABLE_DEBUG_INFO = INCLUDE_SOURCE;
				MTL_FAST_MATH = YES;
				ONLY_ACTIVE_ARCH = YES;
				SDKROOT = iphoneos;
				SWIFT_ACTIVE_COMPILATION_CONDITIONS = "DEBUG $(inherited)";
				SWIFT_OPTIMIZATION_LEVEL = "-Onone";
			};
			name = Debug;
		};
		CE8D07782D74E81600927D78 /* Release */ = {
			isa = XCBuildConfiguration;
			buildSettings = {
				ALWAYS_SEARCH_USER_PATHS = NO;
				ASSETCATALOG_COMPILER_GENERATE_SWIFT_ASSET_SYMBOL_EXTENSIONS = YES;
				CLANG_ANALYZER_NONNULL = YES;
				CLANG_ANALYZER_NUMBER_OBJECT_CONVERSION = YES_AGGRESSIVE;
				CLANG_CXX_LANGUAGE_STANDARD = "gnu++20";
				CLANG_ENABLE_MODULES = YES;
				CLANG_ENABLE_OBJC_ARC = YES;
				CLANG_ENABLE_OBJC_WEAK = YES;
				CLANG_WARN_BLOCK_CAPTURE_AUTORELEASING = YES;
				CLANG_WARN_BOOL_CONVERSION = YES;
				CLANG_WARN_COMMA = YES;
				CLANG_WARN_CONSTANT_CONVERSION = YES;
				CLANG_WARN_DEPRECATED_OBJC_IMPLEMENTATIONS = YES;
				CLANG_WARN_DIRECT_OBJC_ISA_USAGE = YES_ERROR;
				CLANG_WARN_DOCUMENTATION_COMMENTS = YES;
				CLANG_WARN_EMPTY_BODY = YES;
				CLANG_WARN_ENUM_CONVERSION = YES;
				CLANG_WARN_INFINITE_RECURSION = YES;
				CLANG_WARN_INT_CONVERSION = YES;
				CLANG_WARN_NON_LITERAL_NULL_CONVERSION = YES;
				CLANG_WARN_OBJC_IMPLICIT_RETAIN_SELF = YES;
				CLANG_WARN_OBJC_LITERAL_CONVERSION = YES;
				CLANG_WARN_OBJC_ROOT_CLASS = YES_ERROR;
				CLANG_WARN_QUOTED_INCLUDE_IN_FRAMEWORK_HEADER = YES;
				CLANG_WARN_RANGE_LOOP_ANALYSIS = YES;
				CLANG_WARN_STRICT_PROTOTYPES = YES;
				CLANG_WARN_SUSPICIOUS_MOVE = YES;
				CLANG_WARN_UNGUARDED_AVAILABILITY = YES_AGGRESSIVE;
				CLANG_WARN_UNREACHABLE_CODE = YES;
				CLANG_WARN__DUPLICATE_METHOD_MATCH = YES;
				COPY_PHASE_STRIP = NO;
				DEBUG_INFORMATION_FORMAT = "dwarf-with-dsym";
				ENABLE_NS_ASSERTIONS = NO;
				ENABLE_STRICT_OBJC_MSGSEND = YES;
				ENABLE_USER_SCRIPT_SANDBOXING = YES;
				"FRAMEWORK_SEARCH_PATHS[arch=*]" = (
					"$(inherited)\n$(PROJECT_DIR)/../Path/To/SwiftPM/Dependencies",
				);
				GCC_C_LANGUAGE_STANDARD = gnu17;
				GCC_NO_COMMON_BLOCKS = YES;
				GCC_WARN_64_TO_32_BIT_CONVERSION = YES;
				GCC_WARN_ABOUT_RETURN_TYPE = YES_ERROR;
				GCC_WARN_UNDECLARED_SELECTOR = YES;
				GCC_WARN_UNINITIALIZED_AUTOS = YES_AGGRESSIVE;
				GCC_WARN_UNUSED_FUNCTION = YES;
				GCC_WARN_UNUSED_VARIABLE = YES;
				IPHONEOS_DEPLOYMENT_TARGET = 18.1;
				LOCALIZATION_PREFERS_STRING_CATALOGS = YES;
				MTL_ENABLE_DEBUG_INFO = NO;
				MTL_FAST_MATH = YES;
				SDKROOT = iphoneos;
				SWIFT_COMPILATION_MODE = wholemodule;
				VALIDATE_PRODUCT = YES;
			};
			name = Release;
		};
/* End XCBuildConfiguration section */

/* Begin XCConfigurationList section */
		CE8D075C2D74E81300927D78 /* Build configuration list for PBXProject "Bidly" */ = {
			isa = XCConfigurationList;
			buildConfigurations = (
				CE8D07772D74E81600927D78 /* Debug */,
				CE8D07782D74E81600927D78 /* Release */,
			);
			defaultConfigurationIsVisible = 0;
			defaultConfigurationName = Release;
		};
		CE8D07742D74E81600927D78 /* Build configuration list for PBXNativeTarget "Bidly" */ = {
			isa = XCConfigurationList;
			buildConfigurations = (
				CE8D07752D74E81600927D78 /* Debug */,
				CE8D07762D74E81600927D78 /* Release */,
			);
			defaultConfigurationIsVisible = 0;
			defaultConfigurationName = Release;
		};
/* End XCConfigurationList section */

/* Begin XCRemoteSwiftPackageReference section */
		CEE445712DB7CC8700F33366 /* XCRemoteSwiftPackageReference "firebase-ios-sdk" */ = {
			isa = XCRemoteSwiftPackageReference;
			repositoryURL = "https://github.com/firebase/firebase-ios-sdk.git";
			requirement = {
				kind = upToNextMajorVersion;
				minimumVersion = 11.12.0;
			};
		};
/* End XCRemoteSwiftPackageReference section */

/* Begin XCSwiftPackageProductDependency section */
		CEE445722DB7CC8700F33366 /* FirebaseAnalytics */ = {
			isa = XCSwiftPackageProductDependency;
			package = CEE445712DB7CC8700F33366 /* XCRemoteSwiftPackageReference "firebase-ios-sdk" */;
			productName = FirebaseAnalytics;
		};
		CEE445742DB7CC8700F33366 /* FirebaseAnalyticsOnDeviceConversion */ = {
			isa = XCSwiftPackageProductDependency;
			package = CEE445712DB7CC8700F33366 /* XCRemoteSwiftPackageReference "firebase-ios-sdk" */;
			productName = FirebaseAnalyticsOnDeviceConversion;
		};
		CEE445762DB7CC8700F33366 /* FirebaseAnalyticsWithoutAdIdSupport */ = {
			isa = XCSwiftPackageProductDependency;
			package = CEE445712DB7CC8700F33366 /* XCRemoteSwiftPackageReference "firebase-ios-sdk" */;
			productName = FirebaseAnalyticsWithoutAdIdSupport;
		};
		CEE445782DB7CC8700F33366 /* FirebaseAppCheck */ = {
			isa = XCSwiftPackageProductDependency;
			package = CEE445712DB7CC8700F33366 /* XCRemoteSwiftPackageReference "firebase-ios-sdk" */;
			productName = FirebaseAppCheck;
		};
		CEE4457A2DB7CC8700F33366 /* FirebaseAppDistribution-Beta */ = {
			isa = XCSwiftPackageProductDependency;
			package = CEE445712DB7CC8700F33366 /* XCRemoteSwiftPackageReference "firebase-ios-sdk" */;
			productName = "FirebaseAppDistribution-Beta";
		};
/* End XCSwiftPackageProductDependency section */
	};
	rootObject = CE8D07592D74E81300927D78 /* Project object */;
}
